
Microsoft Visual Studio Solution File, Format Version 12.00
# Visual Studio Version 17
VisualStudioVersion = 17.1.32407.343
MinimumVisualStudioVersion = 10.0.40219.1
Project("{FAE04EC0-301F-11D3-BF4B-00C04F79EFBC}") = "CompGrafica", "CompGrafica\CompGrafica.csproj", "{4C2A4C86-9140-46D4-9A56-71193991A1E2}"
EndProject
Global
	GlobalSection(SolutionConfigurationPlatforms) = preSolution
		Debug|Any CPU = Debug|Any CPU
		Release|Any CPU = Release|Any CPU
	EndGlobalSection
	GlobalSection(ProjectConfigurationPlatforms) = postSolution
		{4C2A4C86-9140-46D4-9A56-71193991A1E2}.Debug|Any CPU.ActiveCfg = Debug|Any CPU
		{4C2A4C86-9140-46D4-9A56-71193991A1E2}.Debug|Any CPU.Build.0 = Debug|Any CPU
		{4C2A4C86-9140-46D4-9A56-71193991A1E2}.Release|Any CPU.ActiveCfg = Release|Any CPU
		{4C2A4C86-9140-46D4-9A56-71193991A1E2}.Release|Any CPU.Build.0 = Release|Any CPU
	EndGlobalSection
	GlobalSection(SolutionProperties) = preSolution
		HideSolutionNode = FALSE
	EndGlobalSection
	GlobalSection(ExtensibilityGlobals) = postSolution
		SolutionGuid = {E0E05CE5-47B5-420F-A361-669F722BDEF4}
	EndGlobalSection
EndGlobal
